// !$*UTF8*$!
{
	archiveVersion = 1;
	classes = {
	};
	objectVersion = 46;
	objects = {

/* Begin PBXBuildFile section */
		D6677E4619781A9300E3C114 /* Foundation.framework in Frameworks */ = {isa = PBXBuildFile; fileRef = D6677E4519781A9300E3C114 /* Foundation.framework */; };
		D6677E4819781A9300E3C114 /* CoreGraphics.framework in Frameworks */ = {isa = PBXBuildFile; fileRef = D6677E4719781A9300E3C114 /* CoreGraphics.framework */; };
		D6677E4A19781A9300E3C114 /* UIKit.framework in Frameworks */ = {isa = PBXBuildFile; fileRef = D6677E4919781A9300E3C114 /* UIKit.framework */; };
		D6677E5019781A9300E3C114 /* InfoPlist.strings in Resources */ = {isa = PBXBuildFile; fileRef = D6677E4E19781A9300E3C114 /* InfoPlist.strings */; };
		D6677E5219781A9300E3C114 /* main.m in Sources */ = {isa = PBXBuildFile; fileRef = D6677E5119781A9300E3C114 /* main.m */; };
		D6677E5619781A9300E3C114 /* WGAppDelegate.m in Sources */ = {isa = PBXBuildFile; fileRef = D6677E5519781A9300E3C114 /* WGAppDelegate.m */; };
		D6677E5819781A9300E3C114 /* Images.xcassets in Resources */ = {isa = PBXBuildFile; fileRef = D6677E5719781A9300E3C114 /* Images.xcassets */; };
		D6677E5F19781A9300E3C114 /* XCTest.framework in Frameworks */ = {isa = PBXBuildFile; fileRef = D6677E5E19781A9300E3C114 /* XCTest.framework */; };
		D6677E6019781A9300E3C114 /* Foundation.framework in Frameworks */ = {isa = PBXBuildFile; fileRef = D6677E4519781A9300E3C114 /* Foundation.framework */; };
		D6677E6119781A9300E3C114 /* UIKit.framework in Frameworks */ = {isa = PBXBuildFile; fileRef = D6677E4919781A9300E3C114 /* UIKit.framework */; };
		D6677E6919781A9300E3C114 /* InfoPlist.strings in Resources */ = {isa = PBXBuildFile; fileRef = D6677E6719781A9300E3C114 /* InfoPlist.strings */; };
		D6677E6B19781A9300E3C114 /* WGDropDownTests.m in Sources */ = {isa = PBXBuildFile; fileRef = D6677E6A19781A9300E3C114 /* WGDropDownTests.m */; };
		D6677E7719781B3800E3C114 /* WGDropDownView.m in Sources */ = {isa = PBXBuildFile; fileRef = D6677E7619781B3800E3C114 /* WGDropDownView.m */; };
		D6677E7A1978255E00E3C114 /* WGTableViewDataSource.m in Sources */ = {isa = PBXBuildFile; fileRef = D6677E791978255E00E3C114 /* WGTableViewDataSource.m */; };
		D6677E7E1978AE2900E3C114 /* WGItemCell.m in Sources */ = {isa = PBXBuildFile; fileRef = D6677E7C1978AE2900E3C114 /* WGItemCell.m */; };
		D6677E821978B3CB00E3C114 /* WGItem.m in Sources */ = {isa = PBXBuildFile; fileRef = D6677E811978B3CB00E3C114 /* WGItem.m */; };
		D6677E861979032B00E3C114 /* WGViewController.m in Sources */ = {isa = PBXBuildFile; fileRef = D6677E841979032B00E3C114 /* WGViewController.m */; };
		D6677E871979032B00E3C114 /* WGViewController.xib in Resources */ = {isa = PBXBuildFile; fileRef = D6677E851979032B00E3C114 /* WGViewController.xib */; };
		D6677E891979FF7F00E3C114 /* drop_indicator.png in Resources */ = {isa = PBXBuildFile; fileRef = D6677E881979FF7F00E3C114 /* drop_indicator.png */; };
/* End PBXBuildFile section */

/* Begin PBXContainerItemProxy section */
		D6677E6219781A9300E3C114 /* PBXContainerItemProxy */ = {
			isa = PBXContainerItemProxy;
			containerPortal = D6677E3A19781A9300E3C114 /* Project object */;
			proxyType = 1;
			remoteGlobalIDString = D6677E4119781A9300E3C114;
			remoteInfo = WGDropDown;
		};
/* End PBXContainerItemProxy section */

/* Begin PBXFileReference section */
		D6677E4219781A9300E3C114 /* WGDropDown.app */ = {isa = PBXFileReference; explicitFileType = wrapper.application; includeInIndex = 0; path = WGDropDown.app; sourceTree = BUILT_PRODUCTS_DIR; };
		D6677E4519781A9300E3C114 /* Foundation.framework */ = {isa = PBXFileReference; lastKnownFileType = wrapper.framework; name = Foundation.framework; path = System/Library/Frameworks/Foundation.framework; sourceTree = SDKROOT; };
		D6677E4719781A9300E3C114 /* CoreGraphics.framework */ = {isa = PBXFileReference; lastKnownFileType = wrapper.framework; name = CoreGraphics.framework; path = System/Library/Frameworks/CoreGraphics.framework; sourceTree = SDKROOT; };
		D6677E4919781A9300E3C114 /* UIKit.framework */ = {isa = PBXFileReference; lastKnownFileType = wrapper.framework; name = UIKit.framework; path = System/Library/Frameworks/UIKit.framework; sourceTree = SDKROOT; };
		D6677E4D19781A9300E3C114 /* WGDropDown-Info.plist */ = {isa = PBXFileReference; lastKnownFileType = text.plist.xml; path = "WGDropDown-Info.plist"; sourceTree = "<group>"; };
		D6677E4F19781A9300E3C114 /* en */ = {isa = PBXFileReference; lastKnownFileType = text.plist.strings; name = en; path = en.lproj/InfoPlist.strings; sourceTree = "<group>"; };
		D6677E5119781A9300E3C114 /* main.m */ = {isa = PBXFileReference; lastKnownFileType = sourcecode.c.objc; path = main.m; sourceTree = "<group>"; };
		D6677E5319781A9300E3C114 /* WGDropDown-Prefix.pch */ = {isa = PBXFileReference; lastKnownFileType = sourcecode.c.h; path = "WGDropDown-Prefix.pch"; sourceTree = "<group>"; };
		D6677E5419781A9300E3C114 /* WGAppDelegate.h */ = {isa = PBXFileReference; lastKnownFileType = sourcecode.c.h; path = WGAppDelegate.h; sourceTree = "<group>"; };
		D6677E5519781A9300E3C114 /* WGAppDelegate.m */ = {isa = PBXFileReference; lastKnownFileType = sourcecode.c.objc; path = WGAppDelegate.m; sourceTree = "<group>"; };
		D6677E5719781A9300E3C114 /* Images.xcassets */ = {isa = PBXFileReference; lastKnownFileType = folder.assetcatalog; path = Images.xcassets; sourceTree = "<group>"; };
		D6677E5D19781A9300E3C114 /* WGDropDownTests.xctest */ = {isa = PBXFileReference; explicitFileType = wrapper.cfbundle; includeInIndex = 0; path = WGDropDownTests.xctest; sourceTree = BUILT_PRODUCTS_DIR; };
		D6677E5E19781A9300E3C114 /* XCTest.framework */ = {isa = PBXFileReference; lastKnownFileType = wrapper.framework; name = XCTest.framework; path = Library/Frameworks/XCTest.framework; sourceTree = DEVELOPER_DIR; };
		D6677E6619781A9300E3C114 /* WGDropDownTests-Info.plist */ = {isa = PBXFileReference; lastKnownFileType = text.plist.xml; path = "WGDropDownTests-Info.plist"; sourceTree = "<group>"; };
		D6677E6819781A9300E3C114 /* en */ = {isa = PBXFileReference; lastKnownFileType = text.plist.strings; name = en; path = en.lproj/InfoPlist.strings; sourceTree = "<group>"; };
		D6677E6A19781A9300E3C114 /* WGDropDownTests.m */ = {isa = PBXFileReference; lastKnownFileType = sourcecode.c.objc; path = WGDropDownTests.m; sourceTree = "<group>"; };
		D6677E7519781B3800E3C114 /* WGDropDownView.h */ = {isa = PBXFileReference; fileEncoding = 4; lastKnownFileType = sourcecode.c.h; path = WGDropDownView.h; sourceTree = "<group>"; };
		D6677E7619781B3800E3C114 /* WGDropDownView.m */ = {isa = PBXFileReference; fileEncoding = 4; lastKnownFileType = sourcecode.c.objc; path = WGDropDownView.m; sourceTree = "<group>"; };
		D6677E781978255E00E3C114 /* WGTableViewDataSource.h */ = {isa = PBXFileReference; fileEncoding = 4; lastKnownFileType = sourcecode.c.h; path = WGTableViewDataSource.h; sourceTree = "<group>"; };
		D6677E791978255E00E3C114 /* WGTableViewDataSource.m */ = {isa = PBXFileReference; fileEncoding = 4; lastKnownFileType = sourcecode.c.objc; path = WGTableViewDataSource.m; sourceTree = "<group>"; };
		D6677E7B1978AE2900E3C114 /* WGItemCell.h */ = {isa = PBXFileReference; fileEncoding = 4; lastKnownFileType = sourcecode.c.h; path = WGItemCell.h; sourceTree = "<group>"; };
		D6677E7C1978AE2900E3C114 /* WGItemCell.m */ = {isa = PBXFileReference; fileEncoding = 4; lastKnownFileType = sourcecode.c.objc; path = WGItemCell.m; sourceTree = "<group>"; };
		D6677E801978B3CB00E3C114 /* WGItem.h */ = {isa = PBXFileReference; fileEncoding = 4; lastKnownFileType = sourcecode.c.h; path = WGItem.h; sourceTree = "<group>"; };
		D6677E811978B3CB00E3C114 /* WGItem.m */ = {isa = PBXFileReference; fileEncoding = 4; lastKnownFileType = sourcecode.c.objc; path = WGItem.m; sourceTree = "<group>"; };
		D6677E831979032B00E3C114 /* WGViewController.h */ = {isa = PBXFileReference; fileEncoding = 4; lastKnownFileType = sourcecode.c.h; path = WGViewController.h; sourceTree = "<group>"; };
		D6677E841979032B00E3C114 /* WGViewController.m */ = {isa = PBXFileReference; fileEncoding = 4; lastKnownFileType = sourcecode.c.objc; path = WGViewController.m; sourceTree = "<group>"; };
		D6677E851979032B00E3C114 /* WGViewController.xib */ = {isa = PBXFileReference; fileEncoding = 4; lastKnownFileType = file.xib; path = WGViewController.xib; sourceTree = "<group>"; };
		D6677E881979FF7F00E3C114 /* drop_indicator.png */ = {isa = PBXFileReference; lastKnownFileType = image.png; path = drop_indicator.png; sourceTree = "<group>"; };
/* End PBXFileReference section */

/* Begin PBXFrameworksBuildPhase section */
		D6677E3F19781A9300E3C114 /* Frameworks */ = {
			isa = PBXFrameworksBuildPhase;
			buildActionMask = 2147483647;
			files = (
				D6677E4819781A9300E3C114 /* CoreGraphics.framework in Frameworks */,
				D6677E4A19781A9300E3C114 /* UIKit.framework in Frameworks */,
				D6677E4619781A9300E3C114 /* Foundation.framework in Frameworks */,
			);
			runOnlyForDeploymentPostprocessing = 0;
		};
		D6677E5A19781A9300E3C114 /* Frameworks */ = {
			isa = PBXFrameworksBuildPhase;
			buildActionMask = 2147483647;
			files = (
				D6677E5F19781A9300E3C114 /* XCTest.framework in Frameworks */,
				D6677E6119781A9300E3C114 /* UIKit.framework in Frameworks */,
				D6677E6019781A9300E3C114 /* Foundation.framework in Frameworks */,
			);
			runOnlyForDeploymentPostprocessing = 0;
		};
/* End PBXFrameworksBuildPhase section */

/* Begin PBXGroup section */
		D6677E3919781A9300E3C114 = {
			isa = PBXGroup;
			children = (
				D6677E4B19781A9300E3C114 /* WGDropDown */,
				D6677E6419781A9300E3C114 /* WGDropDownTests */,
				D6677E4419781A9300E3C114 /* Frameworks */,
				D6677E4319781A9300E3C114 /* Products */,
			);
			sourceTree = "<group>";
		};
		D6677E4319781A9300E3C114 /* Products */ = {
			isa = PBXGroup;
			children = (
				D6677E4219781A9300E3C114 /* WGDropDown.app */,
				D6677E5D19781A9300E3C114 /* WGDropDownTests.xctest */,
			);
			name = Products;
			sourceTree = "<group>";
		};
		D6677E4419781A9300E3C114 /* Frameworks */ = {
			isa = PBXGroup;
			children = (
				D6677E4519781A9300E3C114 /* Foundation.framework */,
				D6677E4719781A9300E3C114 /* CoreGraphics.framework */,
				D6677E4919781A9300E3C114 /* UIKit.framework */,
				D6677E5E19781A9300E3C114 /* XCTest.framework */,
			);
			name = Frameworks;
			sourceTree = "<group>";
		};
		D6677E4B19781A9300E3C114 /* WGDropDown */ = {
			isa = PBXGroup;
			children = (
				D6677E7419781AFD00E3C114 /* WGDropDown */,
				D6677E5719781A9300E3C114 /* Images.xcassets */,
				D6677E5419781A9300E3C114 /* WGAppDelegate.h */,
				D6677E5519781A9300E3C114 /* WGAppDelegate.m */,
				D6677E831979032B00E3C114 /* WGViewController.h */,
				D6677E841979032B00E3C114 /* WGViewController.m */,
				D6677E851979032B00E3C114 /* WGViewController.xib */,
				D6677E4C19781A9300E3C114 /* Supporting Files */,
			);
			path = WGDropDown;
			sourceTree = "<group>";
		};
		D6677E4C19781A9300E3C114 /* Supporting Files */ = {
			isa = PBXGroup;
			children = (
				D6677E4D19781A9300E3C114 /* WGDropDown-Info.plist */,
				D6677E4E19781A9300E3C114 /* InfoPlist.strings */,
				D6677E5119781A9300E3C114 /* main.m */,
				D6677E5319781A9300E3C114 /* WGDropDown-Prefix.pch */,
			);
			name = "Supporting Files";
			sourceTree = "<group>";
		};
		D6677E6419781A9300E3C114 /* WGDropDownTests */ = {
			isa = PBXGroup;
			children = (
				D6677E6A19781A9300E3C114 /* WGDropDownTests.m */,
				D6677E6519781A9300E3C114 /* Supporting Files */,
			);
			path = WGDropDownTests;
			sourceTree = "<group>";
		};
		D6677E6519781A9300E3C114 /* Supporting Files */ = {
			isa = PBXGroup;
			children = (
				D6677E6619781A9300E3C114 /* WGDropDownTests-Info.plist */,
				D6677E6719781A9300E3C114 /* InfoPlist.strings */,
			);
			name = "Supporting Files";
			sourceTree = "<group>";
		};
		D6677E7419781AFD00E3C114 /* WGDropDown */ = {
			isa = PBXGroup;
			children = (
				D6677E881979FF7F00E3C114 /* drop_indicator.png */,
				D6677E7519781B3800E3C114 /* WGDropDownView.h */,
				D6677E7619781B3800E3C114 /* WGDropDownView.m */,
				D6677E781978255E00E3C114 /* WGTableViewDataSource.h */,
				D6677E791978255E00E3C114 /* WGTableViewDataSource.m */,
				D6677E7B1978AE2900E3C114 /* WGItemCell.h */,
				D6677E7C1978AE2900E3C114 /* WGItemCell.m */,
				D6677E801978B3CB00E3C114 /* WGItem.h */,
				D6677E811978B3CB00E3C114 /* WGItem.m */,
			);
			path = WGDropDown;
			sourceTree = "<group>";
		};
/* End PBXGroup section */

/* Begin PBXNativeTarget section */
		D6677E4119781A9300E3C114 /* WGDropDown */ = {
			isa = PBXNativeTarget;
			buildConfigurationList = D6677E6E19781A9300E3C114 /* Build configuration list for PBXNativeTarget "WGDropDown" */;
			buildPhases = (
				D6677E3E19781A9300E3C114 /* Sources */,
				D6677E3F19781A9300E3C114 /* Frameworks */,
				D6677E4019781A9300E3C114 /* Resources */,
			);
			buildRules = (
			);
			dependencies = (
			);
			name = WGDropDown;
			productName = WGDropDown;
			productReference = D6677E4219781A9300E3C114 /* WGDropDown.app */;
			productType = "com.apple.product-type.application";
		};
		D6677E5C19781A9300E3C114 /* WGDropDownTests */ = {
			isa = PBXNativeTarget;
			buildConfigurationList = D6677E7119781A9300E3C114 /* Build configuration list for PBXNativeTarget "WGDropDownTests" */;
			buildPhases = (
				D6677E5919781A9300E3C114 /* Sources */,
				D6677E5A19781A9300E3C114 /* Frameworks */,
				D6677E5B19781A9300E3C114 /* Resources */,
			);
			buildRules = (
			);
			dependencies = (
				D6677E6319781A9300E3C114 /* PBXTargetDependency */,
			);
			name = WGDropDownTests;
			productName = WGDropDownTests;
			productReference = D6677E5D19781A9300E3C114 /* WGDropDownTests.xctest */;
			productType = "com.apple.product-type.bundle.unit-test";
		};
/* End PBXNativeTarget section */

/* Begin PBXProject section */
		D6677E3A19781A9300E3C114 /* Project object */ = {
			isa = PBXProject;
			attributes = {
				CLASSPREFIX = WG;
				LastUpgradeCheck = 0510;
				ORGANIZATIONNAME = wwwlife;
				TargetAttributes = {
					D6677E5C19781A9300E3C114 = {
						TestTargetID = D6677E4119781A9300E3C114;
					};
				};
			};
			buildConfigurationList = D6677E3D19781A9300E3C114 /* Build configuration list for PBXProject "WGDropDown" */;
			compatibilityVersion = "Xcode 3.2";
			developmentRegion = English;
			hasScannedForEncodings = 0;
			knownRegions = (
				en,
			);
			mainGroup = D6677E3919781A9300E3C114;
			productRefGroup = D6677E4319781A9300E3C114 /* Products */;
			projectDirPath = "";
			projectRoot = "";
			targets = (
				D6677E4119781A9300E3C114 /* WGDropDown */,
				D6677E5C19781A9300E3C114 /* WGDropDownTests */,
			);
		};
/* End PBXProject section */

/* Begin PBXResourcesBuildPhase section */
		D6677E4019781A9300E3C114 /* Resources */ = {
			isa = PBXResourcesBuildPhase;
			buildActionMask = 2147483647;
			files = (
				D6677E5019781A9300E3C114 /* InfoPlist.strings in Resources */,
				D6677E871979032B00E3C114 /* WGViewController.xib in Resources */,
				D6677E5819781A9300E3C114 /* Images.xcassets in Resources */,
				D6677E891979FF7F00E3C114 /* drop_indicator.png in Resources */,
			);
			runOnlyForDeploymentPostprocessing = 0;
		};
		D6677E5B19781A9300E3C114 /* Resources */ = {
			isa = PBXResourcesBuildPhase;
			buildActionMask = 2147483647;
			files = (
				D6677E6919781A9300E3C114 /* InfoPlist.strings in Resources */,
			);
			runOnlyForDeploymentPostprocessing = 0;
		};
/* End PBXResourcesBuildPhase section */

/* Begin PBXSourcesBuildPhase section */
		D6677E3E19781A9300E3C114 /* Sources */ = {
			isa = PBXSourcesBuildPhase;
			buildActionMask = 2147483647;
			files = (
				D6677E821978B3CB00E3C114 /* WGItem.m in Sources */,
				D6677E861979032B00E3C114 /* WGViewController.m in Sources */,
				D6677E5619781A9300E3C114 /* WGAppDelegate.m in Sources */,
				D6677E5219781A9300E3C114 /* main.m in Sources */,
				D6677E7A1978255E00E3C114 /* WGTableViewDataSource.m in Sources */,
				D6677E7719781B3800E3C114 /* WGDropDownView.m in Sources */,
				D6677E7E1978AE2900E3C114 /* WGItemCell.m in Sources */,
			);
			runOnlyForDeploymentPostprocessing = 0;
		};
		D6677E5919781A9300E3C114 /* Sources */ = {
			isa = PBXSourcesBuildPhase;
			buildActionMask = 2147483647;
			files = (
				D6677E6B19781A9300E3C114 /* WGDropDownTests.m in Sources */,
			);
			runOnlyForDeploymentPostprocessing = 0;
		};
/* End PBXSourcesBuildPhase section */

/* Begin PBXTargetDependency section */
		D6677E6319781A9300E3C114 /* PBXTargetDependency */ = {
			isa = PBXTargetDependency;
			target = D6677E4119781A9300E3C114 /* WGDropDown */;
			targetProxy = D6677E6219781A9300E3C114 /* PBXContainerItemProxy */;
		};
/* End PBXTargetDependency section */

/* Begin PBXVariantGroup section */
		D6677E4E19781A9300E3C114 /* InfoPlist.strings */ = {
			isa = PBXVariantGroup;
			children = (
				D6677E4F19781A9300E3C114 /* en */,
			);
			name = InfoPlist.strings;
			sourceTree = "<group>";
		};
		D6677E6719781A9300E3C114 /* InfoPlist.strings */ = {
			isa = PBXVariantGroup;
			children = (
				D6677E6819781A9300E3C114 /* en */,
			);
			name = InfoPlist.strings;
			sourceTree = "<group>";
		};
/* End PBXVariantGroup section */

/* Begin XCBuildConfiguration section */
		D6677E6C19781A9300E3C114 /* Debug */ = {
			isa = XCBuildConfiguration;
			buildSettings = {
				ALWAYS_SEARCH_USER_PATHS = NO;
				CLANG_CXX_LANGUAGE_STANDARD = "gnu++0x";
				CLANG_CXX_LIBRARY = "libc++";
				CLANG_ENABLE_MODULES = YES;
				CLANG_ENABLE_OBJC_ARC = YES;
				CLANG_WARN_BOOL_CONVERSION = YES;
				CLANG_WARN_CONSTANT_CONVERSION = YES;
				CLANG_WARN_DIRECT_OBJC_ISA_USAGE = YES_ERROR;
				CLANG_WARN_EMPTY_BODY = YES;
				CLANG_WARN_ENUM_CONVERSION = YES;
				CLANG_WARN_INT_CONVERSION = YES;
				CLANG_WARN_OBJC_ROOT_CLASS = YES_ERROR;
				CLANG_WARN__DUPLICATE_METHOD_MATCH = YES;
				"CODE_SIGN_IDENTITY[sdk=iphoneos*]" = "iPhone Developer";
				COPY_PHASE_STRIP = NO;
				GCC_C_LANGUAGE_STANDARD = gnu99;
				GCC_DYNAMIC_NO_PIC = NO;
				GCC_OPTIMIZATION_LEVEL = 0;
				GCC_PREPROCESSOR_DEFINITIONS = (
					"DEBUG=1",
					"$(inherited)",
				);
				GCC_SYMBOLS_PRIVATE_EXTERN = NO;
				GCC_WARN_64_TO_32_BIT_CONVERSION = YES;
				GCC_WARN_ABOUT_RETURN_TYPE = YES_ERROR;
				GCC_WARN_UNDECLARED_SELECTOR = YES;
				GCC_WARN_UNINITIALIZED_AUTOS = YES_AGGRESSIVE;
				GCC_WARN_UNUSED_FUNCTION = YES;
				GCC_WARN_UNUSED_VARIABLE = YES;
				IPHONEOS_DEPLOYMENT_TARGET = 7.1;
				ONLY_ACTIVE_ARCH = YES;
				SDKROOT = iphoneos;
			};
			name = Debug;
		};
		D6677E6D19781A9300E3C114 /* Release */ = {
			isa = XCBuildConfiguration;
			buildSettings = {
				ALWAYS_SEARCH_USER_PATHS = NO;
				CLANG_CXX_LANGUAGE_STANDARD = "gnu++0x";
				CLANG_CXX_LIBRARY = "libc++";
				CLANG_ENABLE_MODULES = YES;
				CLANG_ENABLE_OBJC_ARC = YES;
				CLANG_WARN_BOOL_CONVERSION = YES;
				CLANG_WARN_CONSTANT_CONVERSION = YES;
				CLANG_WARN_DIRECT_OBJC_ISA_USAGE = YES_ERROR;
				CLANG_WARN_EMPTY_BODY = YES;
				CLANG_WARN_ENUM_CONVERSION = YES;
				CLANG_WARN_INT_CONVERSION = YES;
				CLANG_WARN_OBJC_ROOT_CLASS = YES_ERROR;
				CLANG_WARN__DUPLICATE_METHOD_MATCH = YES;
				"CODE_SIGN_IDENTITY[sdk=iphoneos*]" = "iPhone Developer";
				COPY_PHASE_STRIP = YES;
				ENABLE_NS_ASSERTIONS = NO;
				GCC_C_LANGUAGE_STANDARD = gnu99;
				GCC_WARN_64_TO_32_BIT_CONVERSION = YES;
				GCC_WARN_ABOUT_RETURN_TYPE = YES_ERROR;
				GCC_WARN_UNDECLARED_SELECTOR = YES;
				GCC_WARN_UNINITIALIZED_AUTOS = YES_AGGRESSIVE;
				GCC_WARN_UNUSED_FUNCTION = YES;
				GCC_WARN_UNUSED_VARIABLE = YES;
				IPHONEOS_DEPLOYMENT_TARGET = 7.1;
				SDKROOT = iphoneos;
				VALIDATE_PRODUCT = YES;
			};
			name = Release;
		};
		D6677E6F19781A9300E3C114 /* Debug */ = {
			isa = XCBuildConfiguration;
			buildSettings = {
				ASSETCATALOG_COMPILER_APPICON_NAME = AppIcon;
				ASSETCATALOG_COMPILER_LAUNCHIMAGE_NAME = LaunchImage;
				GCC_PRECOMPILE_PREFIX_HEADER = YES;
				GCC_PREFIX_HEADER = "WGDropDown/WGDropDown-Prefix.pch";
				INFOPLIST_FILE = "WGDropDown/WGDropDown-Info.plist";
				PRODUCT_NAME = "$(TARGET_NAME)";
				WRAPPER_EXTENSION = app;
			};
			name = Debug;
		};
		D6677E7019781A9300E3C114 /* Release */ = {
			isa = XCBuildConfiguration;
			buildSettings = {
				ASSETCATALOG_COMPILER_APPICON_NAME = AppIcon;
				ASSETCATALOG_COMPILER_LAUNCHIMAGE_NAME = LaunchImage;
				GCC_PRECOMPILE_PREFIX_HEADER = YES;
				GCC_PREFIX_HEADER = "WGDropDown/WGDropDown-Prefix.pch";
				INFOPLIST_FILE = "WGDropDown/WGDropDown-Info.plist";
				PRODUCT_NAME = "$(TARGET_NAME)";
				WRAPPER_EXTENSION = app;
			};
			name = Release;
		};
		D6677E7219781A9300E3C114 /* Debug */ = {
			isa = XCBuildConfiguration;
			buildSettings = {
				BUNDLE_LOADER = "$(BUILT_PRODUCTS_DIR)/WGDropDown.app/WGDropDown";
				FRAMEWORK_SEARCH_PATHS = (
					"$(SDKROOT)/Developer/Library/Frameworks",
					"$(inherited)",
					"$(DEVELOPER_FRAMEWORKS_DIR)",
				);
				GCC_PRECOMPILE_PREFIX_HEADER = YES;
				GCC_PREFIX_HEADER = "WGDropDown/WGDropDown-Prefix.pch";
				GCC_PREPROCESSOR_DEFINITIONS = (
					"DEBUG=1",
					"$(inherited)",
				);
				INFOPLIST_FILE = "WGDropDownTests/WGDropDownTests-Info.plist";
				PRODUCT_NAME = "$(TARGET_NAME)";
				TEST_HOST = "$(BUNDLE_LOADER)";
				WRAPPER_EXTENSION = xctest;
			};
			name = Debug;
		};
		D6677E7319781A9300E3C114 /* Release */ = {
			isa = XCBuildConfiguration;
			buildSettings = {
				BUNDLE_LOADER = "$(BUILT_PRODUCTS_DIR)/WGDropDown.app/WGDropDown";
				FRAMEWORK_SEARCH_PATHS = (
					"$(SDKROOT)/Developer/Library/Frameworks",
					"$(inherited)",
					"$(DEVELOPER_FRAMEWORKS_DIR)",
				);
				GCC_PRECOMPILE_PREFIX_HEADER = YES;
				GCC_PREFIX_HEADER = "WGDropDown/WGDropDown-Prefix.pch";
				INFOPLIST_FILE = "WGDropDownTests/WGDropDownTests-Info.plist";
				PRODUCT_NAME = "$(TARGET_NAME)";
				TEST_HOST = "$(BUNDLE_LOADER)";
				WRAPPER_EXTENSION = xctest;
			};
			name = Release;
		};
/* End XCBuildConfiguration section */

/* Begin XCConfigurationList section */
		D6677E3D19781A9300E3C114 /* Build configuration list for PBXProject "WGDropDown" */ = {
			isa = XCConfigurationList;
			buildConfigurations = (
				D6677E6C19781A9300E3C114 /* Debug */,
				D6677E6D19781A9300E3C114 /* Release */,
			);
			defaultConfigurationIsVisible = 0;
			defaultConfigurationName = Release;
		};
		D6677E6E19781A9300E3C114 /* Build configuration list for PBXNativeTarget "WGDropDown" */ = {
			isa = XCConfigurationList;
			buildConfigurations = (
				D6677E6F19781A9300E3C114 /* Debug */,
				D6677E7019781A9300E3C114 /* Release */,
			);
			defaultConfigurationIsVisible = 0;
			defaultConfigurationName = Release;
		};
		D6677E7119781A9300E3C114 /* Build configuration list for PBXNativeTarget "WGDropDownTests" */ = {
			isa = XCConfigurationList;
			buildConfigurations = (
				D6677E7219781A9300E3C114 /* Debug */,
				D6677E7319781A9300E3C114 /* Release */,
			);
			defaultConfigurationIsVisible = 0;
			defaultConfigurationName = Release;
		};
/* End XCConfigurationList section */
	};
	rootObject = D6677E3A19781A9300E3C114 /* Project object */;
}
